
Microsoft Visual Studio Solution File, Format Version 12.00
# Visual Studio Version 17
VisualStudioVersion = 17.1.32328.378
MinimumVisualStudioVersion = 10.0.40219.1
Project("{FAE04EC0-301F-11D3-BF4B-00C04F79EFBC}") = "ZBC_H2_CreditCard", "ZBC_H2_CreditCard\ZBC_H2_CreditCard.csproj", "{76DC780A-F7E8-4D0E-9AF9-0245F746D858}"
EndProject
Global
	GlobalSection(SolutionConfigurationPlatforms) = preSolution
		Debug|Any CPU = Debug|Any CPU
		Release|Any CPU = Release|Any CPU
	EndGlobalSection
	GlobalSection(ProjectConfigurationPlatforms) = postSolution
		{76DC780A-F7E8-4D0E-9AF9-0245F746D858}.Debug|Any CPU.ActiveCfg = Debug|Any CPU
		{76DC780A-F7E8-4D0E-9AF9-0245F746D858}.Debug|Any CPU.Build.0 = Debug|Any CPU
		{76DC780A-F7E8-4D0E-9AF9-0245F746D858}.Release|Any CPU.ActiveCfg = Release|Any CPU
		{76DC780A-F7E8-4D0E-9AF9-0245F746D858}.Release|Any CPU.Build.0 = Release|Any CPU
	EndGlobalSection
	GlobalSection(SolutionProperties) = preSolution
		HideSolutionNode = FALSE
	EndGlobalSection
	GlobalSection(ExtensibilityGlobals) = postSolution
		SolutionGuid = {E63A7D20-C0F2-4C2D-B0A7-364682974C0E}
	EndGlobalSection
EndGlobal
